
Microsoft Visual Studio Solution File, Format Version 12.00
# Visual Studio Version 16
VisualStudioVersion = 16.0.30517.126
MinimumVisualStudioVersion = 10.0.40219.1
Project("{FAE04EC0-301F-11D3-BF4B-00C04F79EFBC}") = "decorator-pattern", "decorator-pattern.csproj", "{D55B3D6F-4EAF-4620-A5F0-F5B427ECA6FD}"
EndProject
Global
	GlobalSection(SolutionConfigurationPlatforms) = preSolution
		Debug|Any CPU = Debug|Any CPU
		Release|Any CPU = Release|Any CPU
	EndGlobalSection
	GlobalSection(ProjectConfigurationPlatforms) = postSolution
		{D55B3D6F-4EAF-4620-A5F0-F5B427ECA6FD}.Debug|Any CPU.ActiveCfg = Debug|Any CPU
		{D55B3D6F-4EAF-4620-A5F0-F5B427ECA6FD}.Debug|Any CPU.Build.0 = Debug|Any CPU
		{D55B3D6F-4EAF-4620-A5F0-F5B427ECA6FD}.Release|Any CPU.ActiveCfg = Release|Any CPU
		{D55B3D6F-4EAF-4620-A5F0-F5B427ECA6FD}.Release|Any CPU.Build.0 = Release|Any CPU
	EndGlobalSection
	GlobalSection(SolutionProperties) = preSolution
		HideSolutionNode = FALSE
	EndGlobalSection
	GlobalSection(ExtensibilityGlobals) = postSolution
		SolutionGuid = {EA67FF52-A5E4-4D85-8902-0FF6B0D3A1D8}
	EndGlobalSection
EndGlobal
